{
    "version": 3,
    "terraform_version": "0.11.11",
    "serial": 2,
    "lineage": "0b1721d6-e4e0-7fe0-683b-2cb7a4d39599",
    "modules": [
        {
            "path": [
                "root"
            ],
            "outputs": {},
            "resources": {
                "aws_cloudwatch_event_rule.start_instances_event_rule": {
                    "type": "aws_cloudwatch_event_rule",
                    "depends_on": [
                        "aws_lambda_function.ec2_start_scheduler_lambda"
                    ],
                    "primary": {
                        "id": "start_instances_event_rule",
                        "attributes": {
                            "arn": "arn:aws:events:us-east-1:771968905786:rule/start_instances_event_rule",
                            "description": "Starts stopped EC2 instances",
                            "id": "start_instances_event_rule",
                            "is_enabled": "true",
                            "name": "start_instances_event_rule",
                            "role_arn": "",
                            "schedule_expression": "cron(0 8 ? * MON-FRI *)",
                            "tags.%": "0"
                        },
                        "meta": {},
                        "tainted": false
                    },
                    "deposed": [],
                    "provider": "provider.aws"
                },
                "aws_cloudwatch_event_rule.stop_instances_event_rule": {
                    "type": "aws_cloudwatch_event_rule",
                    "depends_on": [
                        "aws_lambda_function.ec2_stop_scheduler_lambda"
                    ],
                    "primary": {
                        "id": "stop_instances_event_rule",
                        "attributes": {
                            "arn": "arn:aws:events:us-east-1:771968905786:rule/stop_instances_event_rule",
                            "description": "Stops running EC2 instances",
                            "id": "stop_instances_event_rule",
                            "is_enabled": "true",
                            "name": "stop_instances_event_rule",
                            "role_arn": "",
                            "schedule_expression": "cron(0 20 ? * MON-FRI *)",
                            "tags.%": "0"
                        },
                        "meta": {},
                        "tainted": false
                    },
                    "deposed": [],
                    "provider": "provider.aws"
                },
                "aws_cloudwatch_event_target.start_instances_event_target": {
                    "type": "aws_cloudwatch_event_target",
                    "depends_on": [
                        "aws_cloudwatch_event_rule.start_instances_event_rule",
                        "aws_lambda_function.ec2_start_scheduler_lambda"
                    ],
                    "primary": {
                        "id": "start_instances_event_rule-start_instances_lambda_target",
                        "attributes": {
                            "arn": "arn:aws:lambda:us-east-1:771968905786:function:start_instances",
                            "id": "start_instances_event_rule-start_instances_lambda_target",
                            "input": "",
                            "input_path": "",
                            "role_arn": "",
                            "rule": "start_instances_event_rule",
                            "target_id": "start_instances_lambda_target"
                        },
                        "meta": {},
                        "tainted": false
                    },
                    "deposed": [],
                    "provider": "provider.aws"
                },
                "aws_cloudwatch_event_target.stop_instances_event_target": {
                    "type": "aws_cloudwatch_event_target",
                    "depends_on": [
                        "aws_cloudwatch_event_rule.stop_instances_event_rule",
                        "aws_lambda_function.ec2_stop_scheduler_lambda"
                    ],
                    "primary": {
                        "id": "stop_instances_event_rule-stop_instances_lambda_target",
                        "attributes": {
                            "arn": "arn:aws:lambda:us-east-1:771968905786:function:stop_instances",
                            "id": "stop_instances_event_rule-stop_instances_lambda_target",
                            "input": "",
                            "input_path": "",
                            "role_arn": "",
                            "rule": "stop_instances_event_rule",
                            "target_id": "stop_instances_lambda_target"
                        },
                        "meta": {},
                        "tainted": false
                    },
                    "deposed": [],
                    "provider": "provider.aws"
                },
                "aws_iam_policy.ec2_start_stop_scheduler": {
                    "type": "aws_iam_policy",
                    "depends_on": [
                        "data.aws_iam_policy_document.ec2_start_stop_scheduler"
                    ],
                    "primary": {
                        "id": "arn:aws:iam::771968905786:policy/ec2_access_scheduler",
                        "attributes": {
                            "arn": "arn:aws:iam::771968905786:policy/ec2_access_scheduler",
                            "description": "",
                            "id": "arn:aws:iam::771968905786:policy/ec2_access_scheduler",
                            "name": "ec2_access_scheduler",
                            "path": "/",
                            "policy": "{\n  \"Version\": \"2012-10-17\",\n  \"Statement\": [\n    {\n      \"Sid\": \"\",\n      \"Effect\": \"Allow\",\n      \"Action\": [\n        \"logs:PutLogEvents\",\n        \"logs:CreateLogStream\",\n        \"logs:CreateLogGroup\"\n      ],\n      \"Resource\": \"arn:aws:logs:*:*:*\"\n    },\n    {\n      \"Sid\": \"\",\n      \"Effect\": \"Allow\",\n      \"Action\": [\n        \"ec2:Stop*\",\n        \"ec2:Start*\",\n        \"ec2:Describe*\"\n      ],\n      \"Resource\": \"*\"\n    }\n  ]\n}"
                        },
                        "meta": {},
                        "tainted": false
                    },
                    "deposed": [],
                    "provider": "provider.aws"
                },
                "aws_iam_role.ec2_start_stop_scheduler": {
                    "type": "aws_iam_role",
                    "depends_on": [],
                    "primary": {
                        "id": "ec2_start_stop_scheduler",
                        "attributes": {
                            "arn": "arn:aws:iam::771968905786:role/ec2_start_stop_scheduler",
                            "assume_role_policy": "{\"Version\":\"2012-10-17\",\"Statement\":[{\"Sid\":\"\",\"Effect\":\"Allow\",\"Principal\":{\"Service\":\"lambda.amazonaws.com\"},\"Action\":\"sts:AssumeRole\"}]}",
                            "create_date": "2019-04-20T20:18:30Z",
                            "description": "",
                            "force_detach_policies": "false",
                            "id": "ec2_start_stop_scheduler",
                            "max_session_duration": "3600",
                            "name": "ec2_start_stop_scheduler",
                            "path": "/",
                            "tags.%": "0",
                            "unique_id": "AROA3HPHOWI5OB3Y24GMU"
                        },
                        "meta": {},
                        "tainted": false
                    },
                    "deposed": [],
                    "provider": "provider.aws"
                },
                "aws_iam_role_policy_attachment.ec2_access_scheduler": {
                    "type": "aws_iam_role_policy_attachment",
                    "depends_on": [
                        "aws_iam_policy.ec2_start_stop_scheduler",
                        "aws_iam_role.ec2_start_stop_scheduler"
                    ],
                    "primary": {
                        "id": "ec2_start_stop_scheduler-20190420201829314700000001",
                        "attributes": {
                            "id": "ec2_start_stop_scheduler-20190420201829314700000001",
                            "policy_arn": "arn:aws:iam::771968905786:policy/ec2_access_scheduler",
                            "role": "ec2_start_stop_scheduler"
                        },
                        "meta": {},
                        "tainted": false
                    },
                    "deposed": [],
                    "provider": "provider.aws"
                },
                "aws_lambda_function.ec2_start_scheduler_lambda": {
                    "type": "aws_lambda_function",
                    "depends_on": [
                        "aws_iam_role.ec2_start_stop_scheduler",
                        "data.archive_file.start_scheduler"
                    ],
                    "primary": {
                        "id": "start_instances",
                        "attributes": {
                            "arn": "arn:aws:lambda:us-east-1:771968905786:function:start_instances",
                            "dead_letter_config.#": "0",
                            "description": "",
                            "environment.#": "0",
                            "filename": "start_instances.zip",
                            "function_name": "start_instances",
                            "handler": "start_instances.lambda_handler",
                            "id": "start_instances",
                            "invoke_arn": "arn:aws:apigateway:us-east-1:lambda:path/2015-03-31/functions/arn:aws:lambda:us-east-1:771968905786:function:start_instances/invocations",
                            "kms_key_arn": "",
                            "last_modified": "2019-04-20T20:18:47.374+0000",
                            "layers.#": "0",
                            "memory_size": "128",
                            "publish": "false",
                            "qualified_arn": "arn:aws:lambda:us-east-1:771968905786:function:start_instances:$LATEST",
                            "reserved_concurrent_executions": "-1",
                            "role": "arn:aws:iam::771968905786:role/ec2_start_stop_scheduler",
                            "runtime": "python2.7",
                            "source_code_hash": "od6s5m5Jxqy5Oc+P/UO+J65TNwFizNidcqHmxsdZpQ4=",
                            "source_code_size": "448",
                            "tags.%": "0",
                            "timeout": "300",
                            "tracing_config.#": "1",
                            "tracing_config.0.mode": "PassThrough",
                            "version": "$LATEST",
                            "vpc_config.#": "0"
                        },
                        "meta": {
                            "e2bfb730-ecaa-11e6-8f88-34363bc7c4c0": {
                                "create": 600000000000
                            }
                        },
                        "tainted": false
                    },
                    "deposed": [],
                    "provider": "provider.aws"
                },
                "aws_lambda_function.ec2_stop_scheduler_lambda": {
                    "type": "aws_lambda_function",
                    "depends_on": [
                        "aws_iam_role.ec2_start_stop_scheduler",
                        "data.archive_file.stop_scheduler"
                    ],
                    "primary": {
                        "id": "stop_instances",
                        "attributes": {
                            "arn": "arn:aws:lambda:us-east-1:771968905786:function:stop_instances",
                            "dead_letter_config.#": "0",
                            "description": "",
                            "environment.#": "0",
                            "filename": "stop_instances.zip",
                            "function_name": "stop_instances",
                            "handler": "stop_instances.lambda_handler",
                            "id": "stop_instances",
                            "invoke_arn": "arn:aws:apigateway:us-east-1:lambda:path/2015-03-31/functions/arn:aws:lambda:us-east-1:771968905786:function:stop_instances/invocations",
                            "kms_key_arn": "",
                            "last_modified": "2019-04-20T20:18:46.786+0000",
                            "layers.#": "0",
                            "memory_size": "128",
                            "publish": "false",
                            "qualified_arn": "arn:aws:lambda:us-east-1:771968905786:function:stop_instances:$LATEST",
                            "reserved_concurrent_executions": "-1",
                            "role": "arn:aws:iam::771968905786:role/ec2_start_stop_scheduler",
                            "runtime": "python2.7",
                            "source_code_hash": "6WfyNtvTKFvvjxtIXyYVmKJPiP850sRuvgKVADAlghE=",
                            "source_code_size": "447",
                            "tags.%": "0",
                            "timeout": "300",
                            "tracing_config.#": "1",
                            "tracing_config.0.mode": "PassThrough",
                            "version": "$LATEST",
                            "vpc_config.#": "0"
                        },
                        "meta": {
                            "e2bfb730-ecaa-11e6-8f88-34363bc7c4c0": {
                                "create": 600000000000
                            }
                        },
                        "tainted": false
                    },
                    "deposed": [],
                    "provider": "provider.aws"
                },
                "aws_lambda_permission.allow_cloudwatch_to_call_start_scheduler": {
                    "type": "aws_lambda_permission",
                    "depends_on": [
                        "aws_cloudwatch_event_rule.start_instances_event_rule",
                        "aws_lambda_function.ec2_start_scheduler_lambda"
                    ],
                    "primary": {
                        "id": "AllowExecutionFromCloudWatch",
                        "attributes": {
                            "action": "lambda:InvokeFunction",
                            "function_name": "start_instances",
                            "id": "AllowExecutionFromCloudWatch",
                            "principal": "events.amazonaws.com",
                            "qualifier": "",
                            "source_arn": "arn:aws:events:us-east-1:771968905786:rule/start_instances_event_rule",
                            "statement_id": "AllowExecutionFromCloudWatch"
                        },
                        "meta": {},
                        "tainted": false
                    },
                    "deposed": [],
                    "provider": "provider.aws"
                },
                "aws_lambda_permission.allow_cloudwatch_to_call_stop_scheduler": {
                    "type": "aws_lambda_permission",
                    "depends_on": [
                        "aws_cloudwatch_event_rule.stop_instances_event_rule",
                        "aws_lambda_function.ec2_stop_scheduler_lambda"
                    ],
                    "primary": {
                        "id": "AllowExecutionFromCloudWatch",
                        "attributes": {
                            "action": "lambda:InvokeFunction",
                            "function_name": "stop_instances",
                            "id": "AllowExecutionFromCloudWatch",
                            "principal": "events.amazonaws.com",
                            "qualifier": "",
                            "source_arn": "arn:aws:events:us-east-1:771968905786:rule/stop_instances_event_rule",
                            "statement_id": "AllowExecutionFromCloudWatch"
                        },
                        "meta": {},
                        "tainted": false
                    },
                    "deposed": [],
                    "provider": "provider.aws"
                },
                "data.archive_file.start_scheduler": {
                    "type": "archive_file",
                    "depends_on": [],
                    "primary": {
                        "id": "05790b3be926d6e18c3090628d490b7e8defedb4",
                        "attributes": {
                            "id": "05790b3be926d6e18c3090628d490b7e8defedb4",
                            "output_base64sha256": "od6s5m5Jxqy5Oc+P/UO+J65TNwFizNidcqHmxsdZpQ4=",
                            "output_md5": "efcf2a8a8a1a666ae1a38ac011dc37e4",
                            "output_path": "start_instances.zip",
                            "output_sha": "05790b3be926d6e18c3090628d490b7e8defedb4",
                            "output_size": "448",
                            "source.#": "0",
                            "source_file": "start_instances.py",
                            "type": "zip"
                        },
                        "meta": {},
                        "tainted": false
                    },
                    "deposed": [],
                    "provider": "provider.archive"
                },
                "data.archive_file.stop_scheduler": {
                    "type": "archive_file",
                    "depends_on": [],
                    "primary": {
                        "id": "6e4a06590b78e7ca5e76b863253ea702095c55e6",
                        "attributes": {
                            "id": "6e4a06590b78e7ca5e76b863253ea702095c55e6",
                            "output_base64sha256": "6WfyNtvTKFvvjxtIXyYVmKJPiP850sRuvgKVADAlghE=",
                            "output_md5": "1aa199e3680f552f5be4ff77a7668bc1",
                            "output_path": "stop_instances.zip",
                            "output_sha": "6e4a06590b78e7ca5e76b863253ea702095c55e6",
                            "output_size": "447",
                            "source.#": "0",
                            "source_file": "stop_instances.py",
                            "type": "zip"
                        },
                        "meta": {},
                        "tainted": false
                    },
                    "deposed": [],
                    "provider": "provider.archive"
                },
                "data.aws_iam_policy_document.ec2_start_stop_scheduler": {
                    "type": "aws_iam_policy_document",
                    "depends_on": [],
                    "primary": {
                        "id": "4265180053",
                        "attributes": {
                            "id": "4265180053",
                            "json": "{\n  \"Version\": \"2012-10-17\",\n  \"Statement\": [\n    {\n      \"Sid\": \"\",\n      \"Effect\": \"Allow\",\n      \"Action\": [\n        \"logs:PutLogEvents\",\n        \"logs:CreateLogStream\",\n        \"logs:CreateLogGroup\"\n      ],\n      \"Resource\": \"arn:aws:logs:*:*:*\"\n    },\n    {\n      \"Sid\": \"\",\n      \"Effect\": \"Allow\",\n      \"Action\": [\n        \"ec2:Stop*\",\n        \"ec2:Start*\",\n        \"ec2:Describe*\"\n      ],\n      \"Resource\": \"*\"\n    }\n  ]\n}",
                            "statement.#": "2",
                            "statement.0.actions.#": "3",
                            "statement.0.actions.2809485102": "logs:CreateLogGroup",
                            "statement.0.actions.3285979848": "logs:CreateLogStream",
                            "statement.0.actions.39743051": "logs:PutLogEvents",
                            "statement.0.condition.#": "0",
                            "statement.0.effect": "Allow",
                            "statement.0.not_actions.#": "0",
                            "statement.0.not_principals.#": "0",
                            "statement.0.not_resources.#": "0",
                            "statement.0.principals.#": "0",
                            "statement.0.resources.#": "1",
                            "statement.0.resources.162423377": "arn:aws:logs:*:*:*",
                            "statement.0.sid": "",
                            "statement.1.actions.#": "3",
                            "statement.1.actions.242023571": "ec2:Start*",
                            "statement.1.actions.2459212947": "ec2:Describe*",
                            "statement.1.actions.365765216": "ec2:Stop*",
                            "statement.1.condition.#": "0",
                            "statement.1.effect": "Allow",
                            "statement.1.not_actions.#": "0",
                            "statement.1.not_principals.#": "0",
                            "statement.1.not_resources.#": "0",
                            "statement.1.principals.#": "0",
                            "statement.1.resources.#": "1",
                            "statement.1.resources.2679715827": "*",
                            "statement.1.sid": "",
                            "version": "2012-10-17"
                        },
                        "meta": {},
                        "tainted": false
                    },
                    "deposed": [],
                    "provider": "provider.aws"
                }
            },
            "depends_on": []
        }
    ]
}
