{
    "version": 3,
    "terraform_version": "0.11.11",
    "serial": 61,
    "lineage": "c7d46064-78a7-aaa8-360d-d3a684ccf97f",
    "modules": [
        {
            "path": [
                "root"
            ],
            "outputs": {
                "elastic ip": {
                    "sensitive": false,
                    "type": "string",
                    "value": "3.214.87.44"
                },
                "port": {
                    "sensitive": false,
                    "type": "string",
                    "value": "8080"
                },
                "public_ip": {
                    "sensitive": false,
                    "type": "string",
                    "value": "54.175.91.170"
                }
            },
            "resources": {
                "aws_eip.default": {
                    "type": "aws_eip",
                    "depends_on": [
                        "aws_instance.example"
                    ],
                    "primary": {
                        "id": "eipalloc-0ee6d9de610b3354d",
                        "attributes": {
                            "association_id": "eipassoc-099b01f5880b7fe23",
                            "domain": "vpc",
                            "id": "eipalloc-0ee6d9de610b3354d",
                            "instance": "i-0b6d67353939f093b",
                            "network_interface": "eni-0202b3237537b27da",
                            "private_dns": "ip-172-31-63-34.ec2.internal",
                            "private_ip": "172.31.63.34",
                            "public_dns": "ec2-3-214-87-44.compute-1.amazonaws.com",
                            "public_ip": "3.214.87.44",
                            "public_ipv4_pool": "amazon",
                            "tags.%": "0",
                            "vpc": "true"
                        },
                        "meta": {
                            "e2bfb730-ecaa-11e6-8f88-34363bc7c4c0": {
                                "delete": 180000000000,
                                "read": 900000000000,
                                "update": 300000000000
                            }
                        },
                        "tainted": false
                    },
                    "deposed": [],
                    "provider": "provider.aws"
                },
                "aws_iam_role.test_role": {
                    "type": "aws_iam_role",
                    "depends_on": [],
                    "primary": {
                        "id": "test_role",
                        "attributes": {
                            "arn": "arn:aws:iam::771968905786:role/test_role",
                            "assume_role_policy": "{\"Version\":\"2012-10-17\",\"Statement\":[{\"Sid\":\"\",\"Effect\":\"Allow\",\"Principal\":{\"Service\":\"ec2.amazonaws.com\"},\"Action\":\"sts:AssumeRole\"}]}",
                            "create_date": "2019-04-22T05:13:15Z",
                            "description": "",
                            "force_detach_policies": "false",
                            "id": "test_role",
                            "max_session_duration": "3600",
                            "name": "test_role",
                            "path": "/",
                            "tags.%": "0",
                            "unique_id": "AROA3HPHOWI5AVSDZKN35"
                        },
                        "meta": {},
                        "tainted": false
                    },
                    "deposed": [],
                    "provider": "provider.aws"
                },
                "aws_iam_role_policy.test_policy": {
                    "type": "aws_iam_role_policy",
                    "depends_on": [
                        "aws_iam_role.test_role"
                    ],
                    "primary": {
                        "id": "test_role:test_policy",
                        "attributes": {
                            "id": "test_role:test_policy",
                            "name": "test_policy",
                            "policy": "{\n  \"Version\": \"2012-10-17\",\n  \"Statement\": [\n    {\n      \"Action\": [\n        \"ec2:Describe*\"\n      ],\n      \"Effect\": \"Allow\",\n      \"Resource\": \"*\"\n    }\n  ]\n}\n",
                            "role": "test_role"
                        },
                        "meta": {},
                        "tainted": false
                    },
                    "deposed": [],
                    "provider": "provider.aws"
                },
                "aws_instance.example": {
                    "type": "aws_instance",
                    "depends_on": [
                        "aws_security_group.instance"
                    ],
                    "primary": {
                        "id": "i-0b6d67353939f093b",
                        "attributes": {
                            "ami": "ami-2d39803a",
                            "arn": "arn:aws:ec2:us-east-1:771968905786:instance/i-0b6d67353939f093b",
                            "associate_public_ip_address": "true",
                            "availability_zone": "us-east-1a",
                            "cpu_core_count": "1",
                            "cpu_threads_per_core": "1",
                            "credit_specification.#": "1",
                            "credit_specification.0.cpu_credits": "standard",
                            "disable_api_termination": "false",
                            "ebs_block_device.#": "0",
                            "ebs_optimized": "false",
                            "ephemeral_block_device.#": "0",
                            "get_password_data": "false",
                            "iam_instance_profile": "",
                            "id": "i-0b6d67353939f093b",
                            "instance_state": "running",
                            "instance_type": "t2.micro",
                            "ipv6_address_count": "0",
                            "ipv6_addresses.#": "0",
                            "key_name": "",
                            "monitoring": "false",
                            "network_interface.#": "0",
                            "password_data": "",
                            "placement_group": "",
                            "primary_network_interface_id": "eni-0202b3237537b27da",
                            "private_dns": "ip-172-31-63-34.ec2.internal",
                            "private_ip": "172.31.63.34",
                            "public_dns": "ec2-54-175-91-170.compute-1.amazonaws.com",
                            "public_ip": "54.175.91.170",
                            "root_block_device.#": "1",
                            "root_block_device.0.delete_on_termination": "true",
                            "root_block_device.0.iops": "100",
                            "root_block_device.0.volume_id": "vol-0dafb0e2789e27b6d",
                            "root_block_device.0.volume_size": "8",
                            "root_block_device.0.volume_type": "gp2",
                            "security_groups.#": "1",
                            "security_groups.3705046556": "terraform-example-instance",
                            "source_dest_check": "true",
                            "subnet_id": "subnet-75d26d58",
                            "tags.%": "4",
                            "tags.AutoOff": "True",
                            "tags.AutoOn": "True",
                            "tags.AutoStop": "True",
                            "tags.Name": "rk-terraform-poc",
                            "tenancy": "default",
                            "user_data": "81897fd48a071862059935ddfeaf3e607a538972",
                            "volume_tags.%": "0",
                            "vpc_security_group_ids.#": "1",
                            "vpc_security_group_ids.3153460227": "sg-0b00e3a154b68c041"
                        },
                        "meta": {
                            "e2bfb730-ecaa-11e6-8f88-34363bc7c4c0": {
                                "create": 600000000000,
                                "delete": 1200000000000,
                                "update": 600000000000
                            },
                            "schema_version": "1"
                        },
                        "tainted": false
                    },
                    "deposed": [],
                    "provider": "provider.aws"
                },
                "aws_security_group.instance": {
                    "type": "aws_security_group",
                    "depends_on": [],
                    "primary": {
                        "id": "sg-0b00e3a154b68c041",
                        "attributes": {
                            "arn": "arn:aws:ec2:us-east-1:771968905786:security-group/sg-0b00e3a154b68c041",
                            "description": "Managed by Terraform",
                            "egress.#": "0",
                            "id": "sg-0b00e3a154b68c041",
                            "ingress.#": "1",
                            "ingress.3718187148.cidr_blocks.#": "1",
                            "ingress.3718187148.cidr_blocks.0": "0.0.0.0/0",
                            "ingress.3718187148.description": "",
                            "ingress.3718187148.from_port": "0",
                            "ingress.3718187148.ipv6_cidr_blocks.#": "0",
                            "ingress.3718187148.prefix_list_ids.#": "0",
                            "ingress.3718187148.protocol": "tcp",
                            "ingress.3718187148.security_groups.#": "0",
                            "ingress.3718187148.self": "false",
                            "ingress.3718187148.to_port": "8080",
                            "name": "terraform-example-instance",
                            "owner_id": "771968905786",
                            "revoke_rules_on_delete": "false",
                            "tags.%": "0",
                            "vpc_id": "vpc-a7798ac1"
                        },
                        "meta": {
                            "e2bfb730-ecaa-11e6-8f88-34363bc7c4c0": {
                                "create": 600000000000,
                                "delete": 600000000000
                            },
                            "schema_version": "1"
                        },
                        "tainted": false
                    },
                    "deposed": [],
                    "provider": "provider.aws"
                }
            },
            "depends_on": []
        }
    ]
}
