{
    "version": 3,
    "terraform_version": "0.11.11",
    "serial": 53,
    "lineage": "c7d46064-78a7-aaa8-360d-d3a684ccf97f",
    "modules": [
        {
            "path": [
                "root"
            ],
            "outputs": {
                "elastic ip": {
                    "sensitive": false,
                    "type": "string",
                    "value": "3.92.121.241"
                },
                "port": {
                    "sensitive": false,
                    "type": "string",
                    "value": "8080"
                },
                "public_ip": {
                    "sensitive": false,
                    "type": "string",
                    "value": "54.85.50.250"
                }
            },
            "resources": {
                "aws_eip.default": {
                    "type": "aws_eip",
                    "depends_on": [
                        "aws_instance.example"
                    ],
                    "primary": {
                        "id": "eipalloc-050d4010f26ea99a5",
                        "attributes": {
                            "association_id": "eipassoc-0e2704cf5a49d88dd",
                            "domain": "vpc",
                            "id": "eipalloc-050d4010f26ea99a5",
                            "instance": "i-098f837a560f7abb0",
                            "network_interface": "eni-0de3e6f71a23031ff",
                            "private_ip": "172.31.54.42",
                            "public_ip": "3.92.121.241",
                            "public_ipv4_pool": "amazon",
                            "tags.%": "0",
                            "vpc": "true"
                        },
                        "meta": {
                            "e2bfb730-ecaa-11e6-8f88-34363bc7c4c0": {
                                "delete": 180000000000,
                                "read": 900000000000,
                                "update": 300000000000
                            }
                        },
                        "tainted": false
                    },
                    "deposed": [],
                    "provider": "provider.aws"
                },
                "aws_instance.example": {
                    "type": "aws_instance",
                    "depends_on": [
                        "aws_security_group.instance"
                    ],
                    "primary": {
                        "id": "i-098f837a560f7abb0",
                        "attributes": {
                            "ami": "ami-2d39803a",
                            "arn": "arn:aws:ec2:us-east-1:771968905786:instance/i-098f837a560f7abb0",
                            "associate_public_ip_address": "true",
                            "availability_zone": "us-east-1a",
                            "cpu_core_count": "1",
                            "cpu_threads_per_core": "1",
                            "credit_specification.#": "1",
                            "credit_specification.0.cpu_credits": "standard",
                            "disable_api_termination": "false",
                            "ebs_block_device.#": "0",
                            "ebs_optimized": "false",
                            "ephemeral_block_device.#": "0",
                            "get_password_data": "false",
                            "iam_instance_profile": "",
                            "id": "i-098f837a560f7abb0",
                            "instance_state": "running",
                            "instance_type": "t2.micro",
                            "ipv6_addresses.#": "0",
                            "key_name": "",
                            "monitoring": "false",
                            "network_interface.#": "0",
                            "network_interface_id": "eni-0de3e6f71a23031ff",
                            "password_data": "",
                            "placement_group": "",
                            "primary_network_interface_id": "eni-0de3e6f71a23031ff",
                            "private_dns": "ip-172-31-54-42.ec2.internal",
                            "private_ip": "172.31.54.42",
                            "public_dns": "ec2-54-85-50-250.compute-1.amazonaws.com",
                            "public_ip": "54.85.50.250",
                            "root_block_device.#": "1",
                            "root_block_device.0.delete_on_termination": "true",
                            "root_block_device.0.iops": "100",
                            "root_block_device.0.volume_id": "vol-0cced4729ddd6900d",
                            "root_block_device.0.volume_size": "8",
                            "root_block_device.0.volume_type": "gp2",
                            "security_groups.#": "1",
                            "security_groups.3705046556": "terraform-example-instance",
                            "source_dest_check": "true",
                            "subnet_id": "subnet-75d26d58",
                            "tags.%": "3",
                            "tags.AutoOff": "True",
                            "tags.AutoOn": "True",
                            "tags.Name": "rk-terraform-example",
                            "tenancy": "default",
                            "user_data": "81897fd48a071862059935ddfeaf3e607a538972",
                            "volume_tags.%": "0",
                            "vpc_security_group_ids.#": "1",
                            "vpc_security_group_ids.4258934364": "sg-03e2df87bae81e536"
                        },
                        "meta": {
                            "e2bfb730-ecaa-11e6-8f88-34363bc7c4c0": {
                                "create": 600000000000,
                                "delete": 1200000000000,
                                "update": 600000000000
                            },
                            "schema_version": "1"
                        },
                        "tainted": false
                    },
                    "deposed": [],
                    "provider": "provider.aws"
                },
                "aws_security_group.instance": {
                    "type": "aws_security_group",
                    "depends_on": [],
                    "primary": {
                        "id": "sg-03e2df87bae81e536",
                        "attributes": {
                            "arn": "arn:aws:ec2:us-east-1:771968905786:security-group/sg-03e2df87bae81e536",
                            "description": "Managed by Terraform",
                            "egress.#": "0",
                            "id": "sg-03e2df87bae81e536",
                            "ingress.#": "1",
                            "ingress.516175195.cidr_blocks.#": "1",
                            "ingress.516175195.cidr_blocks.0": "0.0.0.0/0",
                            "ingress.516175195.description": "",
                            "ingress.516175195.from_port": "8080",
                            "ingress.516175195.ipv6_cidr_blocks.#": "0",
                            "ingress.516175195.prefix_list_ids.#": "0",
                            "ingress.516175195.protocol": "tcp",
                            "ingress.516175195.security_groups.#": "0",
                            "ingress.516175195.self": "false",
                            "ingress.516175195.to_port": "8080",
                            "name": "terraform-example-instance",
                            "owner_id": "771968905786",
                            "revoke_rules_on_delete": "false",
                            "tags.%": "0",
                            "vpc_id": "vpc-a7798ac1"
                        },
                        "meta": {
                            "e2bfb730-ecaa-11e6-8f88-34363bc7c4c0": {
                                "create": 600000000000,
                                "delete": 600000000000
                            },
                            "schema_version": "1"
                        },
                        "tainted": false
                    },
                    "deposed": [],
                    "provider": "provider.aws"
                }
            },
            "depends_on": []
        }
    ]
}
